
Microsoft Visual Studio Solution File, Format Version 12.00
# Visual Studio 15
VisualStudioVersion = 15.0.27004.2002
MinimumVisualStudioVersion = 10.0.40219.1
Project("{FAE04EC0-301F-11D3-BF4B-00C04F79EFBC}") = "week08", "week08\week08.csproj", "{B0869BB5-BF35-4E90-8292-2F4A14D83F28}"
EndProject
Global
	GlobalSection(SolutionConfigurationPlatforms) = preSolution
		Debug|Any CPU = Debug|Any CPU
		Release|Any CPU = Release|Any CPU
	EndGlobalSection
	GlobalSection(ProjectConfigurationPlatforms) = postSolution
		{B0869BB5-BF35-4E90-8292-2F4A14D83F28}.Debug|Any CPU.ActiveCfg = Debug|Any CPU
		{B0869BB5-BF35-4E90-8292-2F4A14D83F28}.Debug|Any CPU.Build.0 = Debug|Any CPU
		{B0869BB5-BF35-4E90-8292-2F4A14D83F28}.Release|Any CPU.ActiveCfg = Release|Any CPU
		{B0869BB5-BF35-4E90-8292-2F4A14D83F28}.Release|Any CPU.Build.0 = Release|Any CPU
	EndGlobalSection
	GlobalSection(SolutionProperties) = preSolution
		HideSolutionNode = FALSE
	EndGlobalSection
	GlobalSection(ExtensibilityGlobals) = postSolution
		SolutionGuid = {6868A080-2978-40E1-BB4E-00D26C8C7779}
	EndGlobalSection
EndGlobal
